
Microsoft Visual Studio Solution File, Format Version 12.00
# Visual Studio Version 16
VisualStudioVersion = 16.0.31410.357
MinimumVisualStudioVersion = 10.0.40219.1
Project("{FAE04EC0-301F-11D3-BF4B-00C04F79EFBC}") = "FinalProject", "FinalProject.csproj", "{5A4903D3-0EF8-436F-8B4E-2D6EF77B1AC3}"
EndProject
Global
	GlobalSection(SolutionConfigurationPlatforms) = preSolution
		Debug|Any CPU = Debug|Any CPU
		Release|Any CPU = Release|Any CPU
	EndGlobalSection
	GlobalSection(ProjectConfigurationPlatforms) = postSolution
		{5A4903D3-0EF8-436F-8B4E-2D6EF77B1AC3}.Debug|Any CPU.ActiveCfg = Debug|Any CPU
		{5A4903D3-0EF8-436F-8B4E-2D6EF77B1AC3}.Debug|Any CPU.Build.0 = Debug|Any CPU
		{5A4903D3-0EF8-436F-8B4E-2D6EF77B1AC3}.Release|Any CPU.ActiveCfg = Release|Any CPU
		{5A4903D3-0EF8-436F-8B4E-2D6EF77B1AC3}.Release|Any CPU.Build.0 = Release|Any CPU
	EndGlobalSection
	GlobalSection(SolutionProperties) = preSolution
		HideSolutionNode = FALSE
	EndGlobalSection
	GlobalSection(ExtensibilityGlobals) = postSolution
		SolutionGuid = {12E148D1-E539-4F97-8BE7-36444F59D06C}
	EndGlobalSection
EndGlobal
